
Microsoft Visual Studio Solution File, Format Version 12.00
# Visual Studio 15
VisualStudioVersion = 15.0.27703.2000
MinimumVisualStudioVersion = 10.0.40219.1
Project("{FAE04EC0-301F-11D3-BF4B-00C04F79EFBC}") = "KoValidation", "KoValidation\KoValidation.csproj", "{7E40CFDD-2E76-491C-86BF-47717DC7F4C6}"
EndProject
Global
	GlobalSection(SolutionConfigurationPlatforms) = preSolution
		Debug|Any CPU = Debug|Any CPU
		Release|Any CPU = Release|Any CPU
	EndGlobalSection
	GlobalSection(ProjectConfigurationPlatforms) = postSolution
		{7E40CFDD-2E76-491C-86BF-47717DC7F4C6}.Debug|Any CPU.ActiveCfg = Debug|Any CPU
		{7E40CFDD-2E76-491C-86BF-47717DC7F4C6}.Debug|Any CPU.Build.0 = Debug|Any CPU
		{7E40CFDD-2E76-491C-86BF-47717DC7F4C6}.Release|Any CPU.ActiveCfg = Release|Any CPU
		{7E40CFDD-2E76-491C-86BF-47717DC7F4C6}.Release|Any CPU.Build.0 = Release|Any CPU
	EndGlobalSection
	GlobalSection(SolutionProperties) = preSolution
		HideSolutionNode = FALSE
	EndGlobalSection
	GlobalSection(ExtensibilityGlobals) = postSolution
		SolutionGuid = {FD1DA0CF-C82D-4F38-9991-6AD79789F539}
	EndGlobalSection
EndGlobal
